
Microsoft Visual Studio Solution File, Format Version 12.00
# Visual Studio 15
VisualStudioVersion = 15.0.28307.489
MinimumVisualStudioVersion = 10.0.40219.1
Project("{8BC9CEB8-8B4A-11D0-8D11-00A0C91BC942}") = "1.完成二叉树的层次建树", "1.完成二叉树的层次建树\1.完成二叉树的层次建树.vcxproj", "{F892AA8A-4788-4131-87F0-EF3E61DC33B8}"
EndProject
Project("{8BC9CEB8-8B4A-11D0-8D11-00A0C91BC942}") = "2.写出各种排序算法", "2.写出各种排序算法\2.写出各种排序算法.vcxproj", "{ED951D88-4CF2-4285-882E-4C7E45DFA4D1}"
EndProject
Project("{8BC9CEB8-8B4A-11D0-8D11-00A0C91BC942}") = "3.将堆排封装成hsort()", "3.将堆排封装成hsort()\3.将堆排封装成hsort().vcxproj", "{4E3EF702-0942-4D11-9744-B038068DDA9D}"
EndProject
Project("{8BC9CEB8-8B4A-11D0-8D11-00A0C91BC942}") = "4.跳表", "4.跳表\4.跳表.vcxproj", "{E020597A-0B1B-4F81-A50F-2A9422B80C7E}"
EndProject
Project("{8BC9CEB8-8B4A-11D0-8D11-00A0C91BC942}") = "5.哈希", "5.哈希\5.哈希.vcxproj", "{6A7C1376-2DA8-4AD8-AF5D-06BE2BC98F1A}"
EndProject
Global
	GlobalSection(SolutionConfigurationPlatforms) = preSolution
		Debug|x64 = Debug|x64
		Debug|x86 = Debug|x86
		Release|x64 = Release|x64
		Release|x86 = Release|x86
	EndGlobalSection
	GlobalSection(ProjectConfigurationPlatforms) = postSolution
		{F892AA8A-4788-4131-87F0-EF3E61DC33B8}.Debug|x64.ActiveCfg = Debug|x64
		{F892AA8A-4788-4131-87F0-EF3E61DC33B8}.Debug|x64.Build.0 = Debug|x64
		{F892AA8A-4788-4131-87F0-EF3E61DC33B8}.Debug|x86.ActiveCfg = Debug|Win32
		{F892AA8A-4788-4131-87F0-EF3E61DC33B8}.Debug|x86.Build.0 = Debug|Win32
		{F892AA8A-4788-4131-87F0-EF3E61DC33B8}.Release|x64.ActiveCfg = Release|x64
		{F892AA8A-4788-4131-87F0-EF3E61DC33B8}.Release|x64.Build.0 = Release|x64
		{F892AA8A-4788-4131-87F0-EF3E61DC33B8}.Release|x86.ActiveCfg = Release|Win32
		{F892AA8A-4788-4131-87F0-EF3E61DC33B8}.Release|x86.Build.0 = Release|Win32
		{ED951D88-4CF2-4285-882E-4C7E45DFA4D1}.Debug|x64.ActiveCfg = Debug|x64
		{ED951D88-4CF2-4285-882E-4C7E45DFA4D1}.Debug|x64.Build.0 = Debug|x64
		{ED951D88-4CF2-4285-882E-4C7E45DFA4D1}.Debug|x86.ActiveCfg = Debug|Win32
		{ED951D88-4CF2-4285-882E-4C7E45DFA4D1}.Debug|x86.Build.0 = Debug|Win32
		{ED951D88-4CF2-4285-882E-4C7E45DFA4D1}.Release|x64.ActiveCfg = Release|x64
		{ED951D88-4CF2-4285-882E-4C7E45DFA4D1}.Release|x64.Build.0 = Release|x64
		{ED951D88-4CF2-4285-882E-4C7E45DFA4D1}.Release|x86.ActiveCfg = Release|Win32
		{ED951D88-4CF2-4285-882E-4C7E45DFA4D1}.Release|x86.Build.0 = Release|Win32
		{4E3EF702-0942-4D11-9744-B038068DDA9D}.Debug|x64.ActiveCfg = Debug|x64
		{4E3EF702-0942-4D11-9744-B038068DDA9D}.Debug|x64.Build.0 = Debug|x64
		{4E3EF702-0942-4D11-9744-B038068DDA9D}.Debug|x86.ActiveCfg = Debug|Win32
		{4E3EF702-0942-4D11-9744-B038068DDA9D}.Debug|x86.Build.0 = Debug|Win32
		{4E3EF702-0942-4D11-9744-B038068DDA9D}.Release|x64.ActiveCfg = Release|x64
		{4E3EF702-0942-4D11-9744-B038068DDA9D}.Release|x64.Build.0 = Release|x64
		{4E3EF702-0942-4D11-9744-B038068DDA9D}.Release|x86.ActiveCfg = Release|Win32
		{4E3EF702-0942-4D11-9744-B038068DDA9D}.Release|x86.Build.0 = Release|Win32
		{E020597A-0B1B-4F81-A50F-2A9422B80C7E}.Debug|x64.ActiveCfg = Debug|x64
		{E020597A-0B1B-4F81-A50F-2A9422B80C7E}.Debug|x64.Build.0 = Debug|x64
		{E020597A-0B1B-4F81-A50F-2A9422B80C7E}.Debug|x86.ActiveCfg = Debug|Win32
		{E020597A-0B1B-4F81-A50F-2A9422B80C7E}.Debug|x86.Build.0 = Debug|Win32
		{E020597A-0B1B-4F81-A50F-2A9422B80C7E}.Release|x64.ActiveCfg = Release|x64
		{E020597A-0B1B-4F81-A50F-2A9422B80C7E}.Release|x64.Build.0 = Release|x64
		{E020597A-0B1B-4F81-A50F-2A9422B80C7E}.Release|x86.ActiveCfg = Release|Win32
		{E020597A-0B1B-4F81-A50F-2A9422B80C7E}.Release|x86.Build.0 = Release|Win32
		{6A7C1376-2DA8-4AD8-AF5D-06BE2BC98F1A}.Debug|x64.ActiveCfg = Debug|x64
		{6A7C1376-2DA8-4AD8-AF5D-06BE2BC98F1A}.Debug|x64.Build.0 = Debug|x64
		{6A7C1376-2DA8-4AD8-AF5D-06BE2BC98F1A}.Debug|x86.ActiveCfg = Debug|Win32
		{6A7C1376-2DA8-4AD8-AF5D-06BE2BC98F1A}.Debug|x86.Build.0 = Debug|Win32
		{6A7C1376-2DA8-4AD8-AF5D-06BE2BC98F1A}.Release|x64.ActiveCfg = Release|x64
		{6A7C1376-2DA8-4AD8-AF5D-06BE2BC98F1A}.Release|x64.Build.0 = Release|x64
		{6A7C1376-2DA8-4AD8-AF5D-06BE2BC98F1A}.Release|x86.ActiveCfg = Release|Win32
		{6A7C1376-2DA8-4AD8-AF5D-06BE2BC98F1A}.Release|x86.Build.0 = Release|Win32
	EndGlobalSection
	GlobalSection(SolutionProperties) = preSolution
		HideSolutionNode = FALSE
	EndGlobalSection
	GlobalSection(ExtensibilityGlobals) = postSolution
		SolutionGuid = {8E708C9A-C95B-4C79-B17C-797C5006D659}
	EndGlobalSection
EndGlobal
